// !$*UTF8*$!
{
	archiveVersion = 1;
	classes = {
	};
	objectVersion = 46;
	objects = {

/* Begin PBXBuildFile section */
		F26D4304171073CB0096AE04 /* UIKit.framework in Frameworks */ = {isa = PBXBuildFile; fileRef = F26D4303171073CB0096AE04 /* UIKit.framework */; };
		F26D4306171073CB0096AE04 /* Foundation.framework in Frameworks */ = {isa = PBXBuildFile; fileRef = F26D4305171073CB0096AE04 /* Foundation.framework */; };
		F26D4308171073CB0096AE04 /* CoreGraphics.framework in Frameworks */ = {isa = PBXBuildFile; fileRef = F26D4307171073CB0096AE04 /* CoreGraphics.framework */; };
		F26D430E171073CB0096AE04 /* InfoPlist.strings in Resources */ = {isa = PBXBuildFile; fileRef = F26D430C171073CB0096AE04 /* InfoPlist.strings */; };
		F26D4310171073CB0096AE04 /* main.m in Sources */ = {isa = PBXBuildFile; fileRef = F26D430F171073CB0096AE04 /* main.m */; };
		F26D4314171073CB0096AE04 /* pageAppAppDelegate.m in Sources */ = {isa = PBXBuildFile; fileRef = F26D4313171073CB0096AE04 /* pageAppAppDelegate.m */; };
		F26D4316171073CB0096AE04 /* Default.png in Resources */ = {isa = PBXBuildFile; fileRef = F26D4315171073CB0096AE04 /* Default.png */; };
		F26D4318171073CB0096AE04 /* Default@2x.png in Resources */ = {isa = PBXBuildFile; fileRef = F26D4317171073CB0096AE04 /* Default@2x.png */; };
		F26D431A171073CB0096AE04 /* Default-568h@2x.png in Resources */ = {isa = PBXBuildFile; fileRef = F26D4319171073CB0096AE04 /* Default-568h@2x.png */; };
		F26D431D171073CB0096AE04 /* MainStoryboard.storyboard in Resources */ = {isa = PBXBuildFile; fileRef = F26D431B171073CB0096AE04 /* MainStoryboard.storyboard */; };
		F26D4320171073CB0096AE04 /* pageAppViewController.m in Sources */ = {isa = PBXBuildFile; fileRef = F26D431F171073CB0096AE04 /* pageAppViewController.m */; };
/* End PBXBuildFile section */

/* Begin PBXFileReference section */
		F26D4300171073CB0096AE04 /* Presentation Judge.app */ = {isa = PBXFileReference; explicitFileType = wrapper.application; includeInIndex = 0; path = "Presentation Judge.app"; sourceTree = BUILT_PRODUCTS_DIR; };
		F26D4303171073CB0096AE04 /* UIKit.framework */ = {isa = PBXFileReference; lastKnownFileType = wrapper.framework; name = UIKit.framework; path = System/Library/Frameworks/UIKit.framework; sourceTree = SDKROOT; };
		F26D4305171073CB0096AE04 /* Foundation.framework */ = {isa = PBXFileReference; lastKnownFileType = wrapper.framework; name = Foundation.framework; path = System/Library/Frameworks/Foundation.framework; sourceTree = SDKROOT; };
		F26D4307171073CB0096AE04 /* CoreGraphics.framework */ = {isa = PBXFileReference; lastKnownFileType = wrapper.framework; name = CoreGraphics.framework; path = System/Library/Frameworks/CoreGraphics.framework; sourceTree = SDKROOT; };
		F26D430B171073CB0096AE04 /* Presentation Judge-Info.plist */ = {isa = PBXFileReference; lastKnownFileType = text.plist.xml; path = "Presentation Judge-Info.plist"; sourceTree = "<group>"; };
		F26D430D171073CB0096AE04 /* en */ = {isa = PBXFileReference; lastKnownFileType = text.plist.strings; name = en; path = en.lproj/InfoPlist.strings; sourceTree = "<group>"; };
		F26D430F171073CB0096AE04 /* main.m */ = {isa = PBXFileReference; lastKnownFileType = sourcecode.c.objc; path = main.m; sourceTree = "<group>"; };
		F26D4311171073CB0096AE04 /* Presentation Judge-Prefix.pch */ = {isa = PBXFileReference; lastKnownFileType = sourcecode.c.h; path = "Presentation Judge-Prefix.pch"; sourceTree = "<group>"; };
		F26D4312171073CB0096AE04 /* pageAppAppDelegate.h */ = {isa = PBXFileReference; lastKnownFileType = sourcecode.c.h; path = pageAppAppDelegate.h; sourceTree = "<group>"; };
		F26D4313171073CB0096AE04 /* pageAppAppDelegate.m */ = {isa = PBXFileReference; lastKnownFileType = sourcecode.c.objc; path = pageAppAppDelegate.m; sourceTree = "<group>"; };
		F26D4315171073CB0096AE04 /* Default.png */ = {isa = PBXFileReference; lastKnownFileType = image.png; path = Default.png; sourceTree = "<group>"; };
		F26D4317171073CB0096AE04 /* Default@2x.png */ = {isa = PBXFileReference; lastKnownFileType = image.png; path = "Default@2x.png"; sourceTree = "<group>"; };
		F26D4319171073CB0096AE04 /* Default-568h@2x.png */ = {isa = PBXFileReference; lastKnownFileType = image.png; path = "Default-568h@2x.png"; sourceTree = "<group>"; };
		F26D431C171073CB0096AE04 /* en */ = {isa = PBXFileReference; lastKnownFileType = file.storyboard; name = en; path = en.lproj/MainStoryboard.storyboard; sourceTree = "<group>"; };
		F26D431E171073CB0096AE04 /* pageAppViewController.h */ = {isa = PBXFileReference; lastKnownFileType = sourcecode.c.h; path = pageAppViewController.h; sourceTree = "<group>"; };
		F26D431F171073CB0096AE04 /* pageAppViewController.m */ = {isa = PBXFileReference; lastKnownFileType = sourcecode.c.objc; path = pageAppViewController.m; sourceTree = "<group>"; };
/* End PBXFileReference section */

/* Begin PBXFrameworksBuildPhase section */
		F26D42FD171073CB0096AE04 /* Frameworks */ = {
			isa = PBXFrameworksBuildPhase;
			buildActionMask = 2147483647;
			files = (
				F26D4304171073CB0096AE04 /* UIKit.framework in Frameworks */,
				F26D4306171073CB0096AE04 /* Foundation.framework in Frameworks */,
				F26D4308171073CB0096AE04 /* CoreGraphics.framework in Frameworks */,
			);
			runOnlyForDeploymentPostprocessing = 0;
		};
/* End PBXFrameworksBuildPhase section */

/* Begin PBXGroup section */
		F26D42F7171073CA0096AE04 = {
			isa = PBXGroup;
			children = (
				F26D4309171073CB0096AE04 /* Presentation Judge */,
				F26D4302171073CB0096AE04 /* Frameworks */,
				F26D4301171073CB0096AE04 /* Products */,
			);
			sourceTree = "<group>";
		};
		F26D4301171073CB0096AE04 /* Products */ = {
			isa = PBXGroup;
			children = (
				F26D4300171073CB0096AE04 /* Presentation Judge.app */,
			);
			name = Products;
			sourceTree = "<group>";
		};
		F26D4302171073CB0096AE04 /* Frameworks */ = {
			isa = PBXGroup;
			children = (
				F26D4303171073CB0096AE04 /* UIKit.framework */,
				F26D4305171073CB0096AE04 /* Foundation.framework */,
				F26D4307171073CB0096AE04 /* CoreGraphics.framework */,
			);
			name = Frameworks;
			sourceTree = "<group>";
		};
		F26D4309171073CB0096AE04 /* Presentation Judge */ = {
			isa = PBXGroup;
			children = (
				F26D4312171073CB0096AE04 /* pageAppAppDelegate.h */,
				F26D4313171073CB0096AE04 /* pageAppAppDelegate.m */,
				F26D431B171073CB0096AE04 /* MainStoryboard.storyboard */,
				F26D431E171073CB0096AE04 /* pageAppViewController.h */,
				F26D431F171073CB0096AE04 /* pageAppViewController.m */,
				F26D430A171073CB0096AE04 /* Supporting Files */,
			);
			path = "Presentation Judge";
			sourceTree = "<group>";
		};
		F26D430A171073CB0096AE04 /* Supporting Files */ = {
			isa = PBXGroup;
			children = (
				F26D430B171073CB0096AE04 /* Presentation Judge-Info.plist */,
				F26D430C171073CB0096AE04 /* InfoPlist.strings */,
				F26D430F171073CB0096AE04 /* main.m */,
				F26D4311171073CB0096AE04 /* Presentation Judge-Prefix.pch */,
				F26D4315171073CB0096AE04 /* Default.png */,
				F26D4317171073CB0096AE04 /* Default@2x.png */,
				F26D4319171073CB0096AE04 /* Default-568h@2x.png */,
			);
			name = "Supporting Files";
			sourceTree = "<group>";
		};
/* End PBXGroup section */

/* Begin PBXNativeTarget section */
		F26D42FF171073CB0096AE04 /* Presentation Judge */ = {
			isa = PBXNativeTarget;
			buildConfigurationList = F26D4323171073CB0096AE04 /* Build configuration list for PBXNativeTarget "Presentation Judge" */;
			buildPhases = (
				F26D42FC171073CB0096AE04 /* Sources */,
				F26D42FD171073CB0096AE04 /* Frameworks */,
				F26D42FE171073CB0096AE04 /* Resources */,
			);
			buildRules = (
			);
			dependencies = (
			);
			name = "Presentation Judge";
			productName = "Presentation Judge";
			productReference = F26D4300171073CB0096AE04 /* Presentation Judge.app */;
			productType = "com.apple.product-type.application";
		};
/* End PBXNativeTarget section */

/* Begin PBXProject section */
		F26D42F8171073CA0096AE04 /* Project object */ = {
			isa = PBXProject;
			attributes = {
				CLASSPREFIX = pageApp;
				LastUpgradeCheck = 0460;
				ORGANIZATIONNAME = Eden;
			};
			buildConfigurationList = F26D42FB171073CA0096AE04 /* Build configuration list for PBXProject "Presentation Judge" */;
			compatibilityVersion = "Xcode 3.2";
			developmentRegion = English;
			hasScannedForEncodings = 0;
			knownRegions = (
				en,
			);
			mainGroup = F26D42F7171073CA0096AE04;
			productRefGroup = F26D4301171073CB0096AE04 /* Products */;
			projectDirPath = "";
			projectRoot = "";
			targets = (
				F26D42FF171073CB0096AE04 /* Presentation Judge */,
			);
		};
/* End PBXProject section */

/* Begin PBXResourcesBuildPhase section */
		F26D42FE171073CB0096AE04 /* Resources */ = {
			isa = PBXResourcesBuildPhase;
			buildActionMask = 2147483647;
			files = (
				F26D430E171073CB0096AE04 /* InfoPlist.strings in Resources */,
				F26D4316171073CB0096AE04 /* Default.png in Resources */,
				F26D4318171073CB0096AE04 /* Default@2x.png in Resources */,
				F26D431A171073CB0096AE04 /* Default-568h@2x.png in Resources */,
				F26D431D171073CB0096AE04 /* MainStoryboard.storyboard in Resources */,
			);
			runOnlyForDeploymentPostprocessing = 0;
		};
/* End PBXResourcesBuildPhase section */

/* Begin PBXSourcesBuildPhase section */
		F26D42FC171073CB0096AE04 /* Sources */ = {
			isa = PBXSourcesBuildPhase;
			buildActionMask = 2147483647;
			files = (
				F26D4310171073CB0096AE04 /* main.m in Sources */,
				F26D4314171073CB0096AE04 /* pageAppAppDelegate.m in Sources */,
				F26D4320171073CB0096AE04 /* pageAppViewController.m in Sources */,
			);
			runOnlyForDeploymentPostprocessing = 0;
		};
/* End PBXSourcesBuildPhase section */

/* Begin PBXVariantGroup section */
		F26D430C171073CB0096AE04 /* InfoPlist.strings */ = {
			isa = PBXVariantGroup;
			children = (
				F26D430D171073CB0096AE04 /* en */,
			);
			name = InfoPlist.strings;
			sourceTree = "<group>";
		};
		F26D431B171073CB0096AE04 /* MainStoryboard.storyboard */ = {
			isa = PBXVariantGroup;
			children = (
				F26D431C171073CB0096AE04 /* en */,
			);
			name = MainStoryboard.storyboard;
			sourceTree = "<group>";
		};
/* End PBXVariantGroup section */

/* Begin XCBuildConfiguration section */
		F26D4321171073CB0096AE04 /* Debug */ = {
			isa = XCBuildConfiguration;
			buildSettings = {
				ALWAYS_SEARCH_USER_PATHS = NO;
				CLANG_CXX_LANGUAGE_STANDARD = "gnu++0x";
				CLANG_CXX_LIBRARY = "libc++";
				CLANG_ENABLE_OBJC_ARC = YES;
				CLANG_WARN_CONSTANT_CONVERSION = YES;
				CLANG_WARN_EMPTY_BODY = YES;
				CLANG_WARN_ENUM_CONVERSION = YES;
				CLANG_WARN_INT_CONVERSION = YES;
				CLANG_WARN__DUPLICATE_METHOD_MATCH = YES;
				"CODE_SIGN_IDENTITY[sdk=iphoneos*]" = "iPhone Developer";
				COPY_PHASE_STRIP = NO;
				GCC_C_LANGUAGE_STANDARD = gnu99;
				GCC_DYNAMIC_NO_PIC = NO;
				GCC_OPTIMIZATION_LEVEL = 0;
				GCC_PREPROCESSOR_DEFINITIONS = (
					"DEBUG=1",
					"$(inherited)",
				);
				GCC_SYMBOLS_PRIVATE_EXTERN = NO;
				GCC_WARN_ABOUT_RETURN_TYPE = YES;
				GCC_WARN_UNINITIALIZED_AUTOS = YES;
				GCC_WARN_UNUSED_VARIABLE = YES;
				IPHONEOS_DEPLOYMENT_TARGET = 6.1;
				ONLY_ACTIVE_ARCH = YES;
				SDKROOT = iphoneos;
				TARGETED_DEVICE_FAMILY = 2;
			};
			name = Debug;
		};
		F26D4322171073CB0096AE04 /* Release */ = {
			isa = XCBuildConfiguration;
			buildSettings = {
				ALWAYS_SEARCH_USER_PATHS = NO;
				CLANG_CXX_LANGUAGE_STANDARD = "gnu++0x";
				CLANG_CXX_LIBRARY = "libc++";
				CLANG_ENABLE_OBJC_ARC = YES;
				CLANG_WARN_CONSTANT_CONVERSION = YES;
				CLANG_WARN_EMPTY_BODY = YES;
				CLANG_WARN_ENUM_CONVERSION = YES;
				CLANG_WARN_INT_CONVERSION = YES;
				CLANG_WARN__DUPLICATE_METHOD_MATCH = YES;
				"CODE_SIGN_IDENTITY[sdk=iphoneos*]" = "iPhone Developer";
				COPY_PHASE_STRIP = YES;
				GCC_C_LANGUAGE_STANDARD = gnu99;
				GCC_WARN_ABOUT_RETURN_TYPE = YES;
				GCC_WARN_UNINITIALIZED_AUTOS = YES;
				GCC_WARN_UNUSED_VARIABLE = YES;
				IPHONEOS_DEPLOYMENT_TARGET = 6.1;
				OTHER_CFLAGS = "-DNS_BLOCK_ASSERTIONS=1";
				SDKROOT = iphoneos;
				TARGETED_DEVICE_FAMILY = 2;
				VALIDATE_PRODUCT = YES;
			};
			name = Release;
		};
		F26D4324171073CB0096AE04 /* Debug */ = {
			isa = XCBuildConfiguration;
			buildSettings = {
				GCC_PRECOMPILE_PREFIX_HEADER = YES;
				GCC_PREFIX_HEADER = "Presentation Judge/Presentation Judge-Prefix.pch";
				INFOPLIST_FILE = "Presentation Judge/Presentation Judge-Info.plist";
				PRODUCT_NAME = "$(TARGET_NAME)";
				WRAPPER_EXTENSION = app;
			};
			name = Debug;
		};
		F26D4325171073CB0096AE04 /* Release */ = {
			isa = XCBuildConfiguration;
			buildSettings = {
				GCC_PRECOMPILE_PREFIX_HEADER = YES;
				GCC_PREFIX_HEADER = "Presentation Judge/Presentation Judge-Prefix.pch";
				INFOPLIST_FILE = "Presentation Judge/Presentation Judge-Info.plist";
				PRODUCT_NAME = "$(TARGET_NAME)";
				WRAPPER_EXTENSION = app;
			};
			name = Release;
		};
/* End XCBuildConfiguration section */

/* Begin XCConfigurationList section */
		F26D42FB171073CA0096AE04 /* Build configuration list for PBXProject "Presentation Judge" */ = {
			isa = XCConfigurationList;
			buildConfigurations = (
				F26D4321171073CB0096AE04 /* Debug */,
				F26D4322171073CB0096AE04 /* Release */,
			);
			defaultConfigurationIsVisible = 0;
			defaultConfigurationName = Release;
		};
		F26D4323171073CB0096AE04 /* Build configuration list for PBXNativeTarget "Presentation Judge" */ = {
			isa = XCConfigurationList;
			buildConfigurations = (
				F26D4324171073CB0096AE04 /* Debug */,
				F26D4325171073CB0096AE04 /* Release */,
			);
			defaultConfigurationIsVisible = 0;
		};
/* End XCConfigurationList section */
	};
	rootObject = F26D42F8171073CA0096AE04 /* Project object */;
}
