// !$*UTF8*$!
{
	archiveVersion = 1;
	classes = {
	};
	objectVersion = 46;
	objects = {

/* Begin PBXBuildFile section */
		1B16278A1719EC53005AC505 /* libsqlite3.0.dylib in Frameworks */ = {isa = PBXBuildFile; fileRef = 1B1627891719EC53005AC505 /* libsqlite3.0.dylib */; };
		1B753E8D172316E000CC6E4E /* SenTestingKit.framework in Frameworks */ = {isa = PBXBuildFile; fileRef = 1B753E8C172316E000CC6E4E /* SenTestingKit.framework */; };
		1B753E8E172316E000CC6E4E /* UIKit.framework in Frameworks */ = {isa = PBXBuildFile; fileRef = F2BDF9E31710F1BB00902929 /* UIKit.framework */; };
		1B753E8F172316E000CC6E4E /* Foundation.framework in Frameworks */ = {isa = PBXBuildFile; fileRef = F2BDF9E51710F1BB00902929 /* Foundation.framework */; };
		1B753E95172316E000CC6E4E /* InfoPlist.strings in Resources */ = {isa = PBXBuildFile; fileRef = 1B753E93172316E000CC6E4E /* InfoPlist.strings */; };
		1B753E98172316E000CC6E4E /* PresentationJudgeTests.m in Sources */ = {isa = PBXBuildFile; fileRef = 1B753E97172316E000CC6E4E /* PresentationJudgeTests.m */; };
		1B753F2317231BB300CC6E4E /* JudgeDBAccess.m in Sources */ = {isa = PBXBuildFile; fileRef = 1B753F0E17231BB300CC6E4E /* JudgeDBAccess.m */; };
		1B753F2417231BB300CC6E4E /* PresentationDBAccess.m in Sources */ = {isa = PBXBuildFile; fileRef = 1B753F1017231BB300CC6E4E /* PresentationDBAccess.m */; };
		1B753F2517231BB300CC6E4E /* PresentationJudgeDBAccess.m in Sources */ = {isa = PBXBuildFile; fileRef = 1B753F1217231BB300CC6E4E /* PresentationJudgeDBAccess.m */; };
		1B753F2617231BB300CC6E4E /* PresentationQuestionsDBAccess.m in Sources */ = {isa = PBXBuildFile; fileRef = 1B753F1417231BB300CC6E4E /* PresentationQuestionsDBAccess.m */; };
		1B753F2717231BB300CC6E4E /* PresenterDBAccess.m in Sources */ = {isa = PBXBuildFile; fileRef = 1B753F1617231BB300CC6E4E /* PresenterDBAccess.m */; };
		1B753F2817231BB300CC6E4E /* QuestionDBAccess.m in Sources */ = {isa = PBXBuildFile; fileRef = 1B753F1817231BB300CC6E4E /* QuestionDBAccess.m */; };
		1B753F2917231BB300CC6E4E /* QuestionRankingDBAccess.m in Sources */ = {isa = PBXBuildFile; fileRef = 1B753F1A17231BB300CC6E4E /* QuestionRankingDBAccess.m */; };
		1B753F2A17231BB300CC6E4E /* RankStyleDBAccess.m in Sources */ = {isa = PBXBuildFile; fileRef = 1B753F1C17231BB300CC6E4E /* RankStyleDBAccess.m */; };
		1B753F2B17231BB300CC6E4E /* SectionDBAccess.m in Sources */ = {isa = PBXBuildFile; fileRef = 1B753F1E17231BB300CC6E4E /* SectionDBAccess.m */; };
		1B753F2C17231BB300CC6E4E /* SectionQuestionDBAccess.m in Sources */ = {isa = PBXBuildFile; fileRef = 1B753F2017231BB300CC6E4E /* SectionQuestionDBAccess.m */; };
		1B753F2D17231BB300CC6E4E /* SubSectionDBAccess.m in Sources */ = {isa = PBXBuildFile; fileRef = 1B753F2217231BB300CC6E4E /* SubSectionDBAccess.m */; };
		930E96B2171CCB1F00623A25 /* MessageUI.framework in Frameworks */ = {isa = PBXBuildFile; fileRef = 930E96B1171CCB1F00623A25 /* MessageUI.framework */; };
		F207E6501712140400AF7A18 /* MasterTableViewController.m in Sources */ = {isa = PBXBuildFile; fileRef = F207E64F1712140400AF7A18 /* MasterTableViewController.m */; };
		F207E6531712148700AF7A18 /* DetailViewController.m in Sources */ = {isa = PBXBuildFile; fileRef = F207E6521712148700AF7A18 /* DetailViewController.m */; };
		F207E65617121B9B00AF7A18 /* AssignedPresentations.m in Sources */ = {isa = PBXBuildFile; fileRef = F207E65517121B9B00AF7A18 /* AssignedPresentations.m */; };
		F2BDF9E41710F1BB00902929 /* UIKit.framework in Frameworks */ = {isa = PBXBuildFile; fileRef = F2BDF9E31710F1BB00902929 /* UIKit.framework */; };
		F2BDF9E61710F1BB00902929 /* Foundation.framework in Frameworks */ = {isa = PBXBuildFile; fileRef = F2BDF9E51710F1BB00902929 /* Foundation.framework */; };
		F2BDF9E81710F1BB00902929 /* CoreGraphics.framework in Frameworks */ = {isa = PBXBuildFile; fileRef = F2BDF9E71710F1BB00902929 /* CoreGraphics.framework */; };
		F2BDF9EE1710F1BB00902929 /* InfoPlist.strings in Resources */ = {isa = PBXBuildFile; fileRef = F2BDF9EC1710F1BB00902929 /* InfoPlist.strings */; };
		F2BDF9F01710F1BB00902929 /* main.m in Sources */ = {isa = PBXBuildFile; fileRef = F2BDF9EF1710F1BB00902929 /* main.m */; };
		F2BDF9F41710F1BB00902929 /* AppDelegate.m in Sources */ = {isa = PBXBuildFile; fileRef = F2BDF9F31710F1BB00902929 /* AppDelegate.m */; };
		F2BDF9F61710F1BB00902929 /* Default.png in Resources */ = {isa = PBXBuildFile; fileRef = F2BDF9F51710F1BB00902929 /* Default.png */; };
		F2BDF9F81710F1BB00902929 /* Default@2x.png in Resources */ = {isa = PBXBuildFile; fileRef = F2BDF9F71710F1BB00902929 /* Default@2x.png */; };
		F2BDF9FA1710F1BB00902929 /* Default-568h@2x.png in Resources */ = {isa = PBXBuildFile; fileRef = F2BDF9F91710F1BB00902929 /* Default-568h@2x.png */; };
		F2BDF9FD1710F1BB00902929 /* MainStoryboard.storyboard in Resources */ = {isa = PBXBuildFile; fileRef = F2BDF9FB1710F1BB00902929 /* MainStoryboard.storyboard */; };
		F2BDFA001710F1BB00902929 /* ViewController.m in Sources */ = {isa = PBXBuildFile; fileRef = F2BDF9FF1710F1BB00902929 /* ViewController.m */; };
/* End PBXBuildFile section */

/* Begin PBXBuildRule section */
		1B753E9F1723175900CC6E4E /* PBXBuildRule */ = {
			isa = PBXBuildRule;
			compilerSpec = com.apple.compilers.proxy.script;
			fileType = wrapper.xcdatamodel;
			isEditable = 1;
			outputFiles = (
			);
		};
/* End PBXBuildRule section */

/* Begin PBXContainerItemProxy section */
		1B753E9D1723173600CC6E4E /* PBXContainerItemProxy */ = {
			isa = PBXContainerItemProxy;
			containerPortal = F2BDF9D81710F1BA00902929 /* Project object */;
			proxyType = 1;
			remoteGlobalIDString = F2BDF9DF1710F1BB00902929;
			remoteInfo = "Presentation Judge";
		};
/* End PBXContainerItemProxy section */

/* Begin PBXFileReference section */
		1B1627891719EC53005AC505 /* libsqlite3.0.dylib */ = {isa = PBXFileReference; lastKnownFileType = "compiled.mach-o.dylib"; name = libsqlite3.0.dylib; path = usr/lib/libsqlite3.0.dylib; sourceTree = SDKROOT; };
		1B753E591723126600CC6E4E /* Judge.h */ = {isa = PBXFileReference; lastKnownFileType = sourcecode.c.h; path = Judge.h; sourceTree = "<group>"; };
		1B753E5A1723126600CC6E4E /* Judge.m */ = {isa = PBXFileReference; lastKnownFileType = sourcecode.c.objc; path = Judge.m; sourceTree = "<group>"; };
		1B753E5B1723126600CC6E4E /* Presentation.h */ = {isa = PBXFileReference; lastKnownFileType = sourcecode.c.h; path = Presentation.h; sourceTree = "<group>"; };
		1B753E5C1723126600CC6E4E /* Presentation.m */ = {isa = PBXFileReference; lastKnownFileType = sourcecode.c.objc; path = Presentation.m; sourceTree = "<group>"; };
		1B753E5D1723126600CC6E4E /* PresentationJudge.h */ = {isa = PBXFileReference; lastKnownFileType = sourcecode.c.h; path = PresentationJudge.h; sourceTree = "<group>"; };
		1B753E5E1723126600CC6E4E /* PresentationJudge.m */ = {isa = PBXFileReference; lastKnownFileType = sourcecode.c.objc; path = PresentationJudge.m; sourceTree = "<group>"; };
		1B753E5F1723126600CC6E4E /* PresentationPresenter.h */ = {isa = PBXFileReference; lastKnownFileType = sourcecode.c.h; path = PresentationPresenter.h; sourceTree = "<group>"; };
		1B753E601723126600CC6E4E /* PresentationPresenter.m */ = {isa = PBXFileReference; lastKnownFileType = sourcecode.c.objc; path = PresentationPresenter.m; sourceTree = "<group>"; };
		1B753E611723126600CC6E4E /* PresentationQuestion.h */ = {isa = PBXFileReference; lastKnownFileType = sourcecode.c.h; path = PresentationQuestion.h; sourceTree = "<group>"; };
		1B753E621723126600CC6E4E /* PresentationQuestion.m */ = {isa = PBXFileReference; lastKnownFileType = sourcecode.c.objc; path = PresentationQuestion.m; sourceTree = "<group>"; };
		1B753E631723126600CC6E4E /* Presenter.h */ = {isa = PBXFileReference; lastKnownFileType = sourcecode.c.h; path = Presenter.h; sourceTree = "<group>"; };
		1B753E641723126600CC6E4E /* Presenter.m */ = {isa = PBXFileReference; lastKnownFileType = sourcecode.c.objc; path = Presenter.m; sourceTree = "<group>"; };
		1B753E651723126600CC6E4E /* Question.h */ = {isa = PBXFileReference; lastKnownFileType = sourcecode.c.h; path = Question.h; sourceTree = "<group>"; };
		1B753E661723126600CC6E4E /* Question.m */ = {isa = PBXFileReference; lastKnownFileType = sourcecode.c.objc; path = Question.m; sourceTree = "<group>"; };
		1B753E671723126600CC6E4E /* RankStyle.h */ = {isa = PBXFileReference; lastKnownFileType = sourcecode.c.h; path = RankStyle.h; sourceTree = "<group>"; };
		1B753E681723126600CC6E4E /* RankStyle.m */ = {isa = PBXFileReference; lastKnownFileType = sourcecode.c.objc; path = RankStyle.m; sourceTree = "<group>"; };
		1B753E691723126600CC6E4E /* Section.h */ = {isa = PBXFileReference; lastKnownFileType = sourcecode.c.h; path = Section.h; sourceTree = "<group>"; };
		1B753E6A1723126600CC6E4E /* Section.m */ = {isa = PBXFileReference; lastKnownFileType = sourcecode.c.objc; path = Section.m; sourceTree = "<group>"; };
		1B753E6B1723126600CC6E4E /* SectionQuestion.h */ = {isa = PBXFileReference; lastKnownFileType = sourcecode.c.h; path = SectionQuestion.h; sourceTree = "<group>"; };
		1B753E6C1723126600CC6E4E /* SectionQuestion.m */ = {isa = PBXFileReference; lastKnownFileType = sourcecode.c.objc; path = SectionQuestion.m; sourceTree = "<group>"; };
		1B753E6D1723126600CC6E4E /* SubSection.h */ = {isa = PBXFileReference; lastKnownFileType = sourcecode.c.h; path = SubSection.h; sourceTree = "<group>"; };
		1B753E6E1723126600CC6E4E /* SubSection.m */ = {isa = PBXFileReference; lastKnownFileType = sourcecode.c.objc; path = SubSection.m; sourceTree = "<group>"; };
		1B753E6F1723129900CC6E4E /* JudgeDBAccess.h */ = {isa = PBXFileReference; lastKnownFileType = sourcecode.c.h; path = JudgeDBAccess.h; sourceTree = "<group>"; };
		1B753E701723129900CC6E4E /* JudgeDBAccess.m */ = {isa = PBXFileReference; lastKnownFileType = sourcecode.c.objc; path = JudgeDBAccess.m; sourceTree = "<group>"; };
		1B753E711723129900CC6E4E /* PresentationQuestionsDBAccess.h */ = {isa = PBXFileReference; lastKnownFileType = sourcecode.c.h; path = PresentationQuestionsDBAccess.h; sourceTree = "<group>"; };
		1B753E721723129900CC6E4E /* PresentationQuestionsDBAccess.m */ = {isa = PBXFileReference; lastKnownFileType = sourcecode.c.objc; path = PresentationQuestionsDBAccess.m; sourceTree = "<group>"; };
		1B753E731723129900CC6E4E /* PresentationDBAccess.h */ = {isa = PBXFileReference; lastKnownFileType = sourcecode.c.h; path = PresentationDBAccess.h; sourceTree = "<group>"; };
		1B753E741723129900CC6E4E /* PresentationDBAccess.m */ = {isa = PBXFileReference; lastKnownFileType = sourcecode.c.objc; path = PresentationDBAccess.m; sourceTree = "<group>"; };
		1B753E751723129900CC6E4E /* PresentationJudgeDBAccess.h */ = {isa = PBXFileReference; lastKnownFileType = sourcecode.c.h; path = PresentationJudgeDBAccess.h; sourceTree = "<group>"; };
		1B753E761723129900CC6E4E /* PresentationJudgeDBAccess.m */ = {isa = PBXFileReference; lastKnownFileType = sourcecode.c.objc; path = PresentationJudgeDBAccess.m; sourceTree = "<group>"; };
		1B753E771723129900CC6E4E /* PresenterDBAccess.h */ = {isa = PBXFileReference; lastKnownFileType = sourcecode.c.h; path = PresenterDBAccess.h; sourceTree = "<group>"; };
		1B753E781723129900CC6E4E /* PresenterDBAccess.m */ = {isa = PBXFileReference; lastKnownFileType = sourcecode.c.objc; path = PresenterDBAccess.m; sourceTree = "<group>"; };
		1B753E791723129900CC6E4E /* QuestionDBAccess.h */ = {isa = PBXFileReference; lastKnownFileType = sourcecode.c.h; path = QuestionDBAccess.h; sourceTree = "<group>"; };
		1B753E7A1723129900CC6E4E /* QuestionDBAccess.m */ = {isa = PBXFileReference; lastKnownFileType = sourcecode.c.objc; path = QuestionDBAccess.m; sourceTree = "<group>"; };
		1B753E7B1723129900CC6E4E /* QuestionRankingDBAccess.h */ = {isa = PBXFileReference; lastKnownFileType = sourcecode.c.h; path = QuestionRankingDBAccess.h; sourceTree = "<group>"; };
		1B753E7C1723129900CC6E4E /* QuestionRankingDBAccess.m */ = {isa = PBXFileReference; lastKnownFileType = sourcecode.c.objc; path = QuestionRankingDBAccess.m; sourceTree = "<group>"; };
		1B753E7D1723129900CC6E4E /* RankStyleDBAccess.h */ = {isa = PBXFileReference; lastKnownFileType = sourcecode.c.h; path = RankStyleDBAccess.h; sourceTree = "<group>"; };
		1B753E7E1723129900CC6E4E /* RankStyleDBAccess.m */ = {isa = PBXFileReference; lastKnownFileType = sourcecode.c.objc; path = RankStyleDBAccess.m; sourceTree = "<group>"; };
		1B753E7F1723129900CC6E4E /* SectionDBAccess.h */ = {isa = PBXFileReference; lastKnownFileType = sourcecode.c.h; path = SectionDBAccess.h; sourceTree = "<group>"; };
		1B753E801723129900CC6E4E /* SectionDBAccess.m */ = {isa = PBXFileReference; lastKnownFileType = sourcecode.c.objc; path = SectionDBAccess.m; sourceTree = "<group>"; };
		1B753E811723129900CC6E4E /* SectionQuestionDBAccess.h */ = {isa = PBXFileReference; lastKnownFileType = sourcecode.c.h; path = SectionQuestionDBAccess.h; sourceTree = "<group>"; };
		1B753E821723129900CC6E4E /* SectionQuestionDBAccess.m */ = {isa = PBXFileReference; lastKnownFileType = sourcecode.c.objc; path = SectionQuestionDBAccess.m; sourceTree = "<group>"; };
		1B753E831723129900CC6E4E /* SubSectionDBAccess.h */ = {isa = PBXFileReference; lastKnownFileType = sourcecode.c.h; path = SubSectionDBAccess.h; sourceTree = "<group>"; };
		1B753E841723129900CC6E4E /* SubSectionDBAccess.m */ = {isa = PBXFileReference; lastKnownFileType = sourcecode.c.objc; path = SubSectionDBAccess.m; sourceTree = "<group>"; };
		1B753E851723135400CC6E4E /* PresentationJudge.sqlite */ = {isa = PBXFileReference; lastKnownFileType = file; name = PresentationJudge.sqlite; path = DB/PresentationJudge.sqlite; sourceTree = "<group>"; };
		1B753E8B172316E000CC6E4E /* PresentationJudgeTests.octest */ = {isa = PBXFileReference; explicitFileType = wrapper.cfbundle; includeInIndex = 0; path = PresentationJudgeTests.octest; sourceTree = BUILT_PRODUCTS_DIR; };
		1B753E8C172316E000CC6E4E /* SenTestingKit.framework */ = {isa = PBXFileReference; lastKnownFileType = wrapper.framework; name = SenTestingKit.framework; path = Library/Frameworks/SenTestingKit.framework; sourceTree = DEVELOPER_DIR; };
		1B753E92172316E000CC6E4E /* PresentationJudgeTests-Info.plist */ = {isa = PBXFileReference; lastKnownFileType = text.plist.xml; path = "PresentationJudgeTests-Info.plist"; sourceTree = "<group>"; };
		1B753E94172316E000CC6E4E /* en */ = {isa = PBXFileReference; lastKnownFileType = text.plist.strings; name = en; path = en.lproj/InfoPlist.strings; sourceTree = "<group>"; };
		1B753E96172316E000CC6E4E /* PresentationJudgeTests.h */ = {isa = PBXFileReference; lastKnownFileType = sourcecode.c.h; path = PresentationJudgeTests.h; sourceTree = "<group>"; };
		1B753E97172316E000CC6E4E /* PresentationJudgeTests.m */ = {isa = PBXFileReference; lastKnownFileType = sourcecode.c.objc; path = PresentationJudgeTests.m; sourceTree = "<group>"; };
		1B753E99172316E000CC6E4E /* PresentationJudgeTests-Prefix.pch */ = {isa = PBXFileReference; lastKnownFileType = sourcecode.c.h; path = "PresentationJudgeTests-Prefix.pch"; sourceTree = "<group>"; };
		1B753F0D17231BB300CC6E4E /* JudgeDBAccess.h */ = {isa = PBXFileReference; fileEncoding = 4; lastKnownFileType = sourcecode.c.h; path = JudgeDBAccess.h; sourceTree = "<group>"; };
		1B753F0E17231BB300CC6E4E /* JudgeDBAccess.m */ = {isa = PBXFileReference; fileEncoding = 4; lastKnownFileType = sourcecode.c.objc; path = JudgeDBAccess.m; sourceTree = "<group>"; };
		1B753F0F17231BB300CC6E4E /* PresentationDBAccess.h */ = {isa = PBXFileReference; fileEncoding = 4; lastKnownFileType = sourcecode.c.h; path = PresentationDBAccess.h; sourceTree = "<group>"; };
		1B753F1017231BB300CC6E4E /* PresentationDBAccess.m */ = {isa = PBXFileReference; fileEncoding = 4; lastKnownFileType = sourcecode.c.objc; path = PresentationDBAccess.m; sourceTree = "<group>"; };
		1B753F1117231BB300CC6E4E /* PresentationJudgeDBAccess.h */ = {isa = PBXFileReference; fileEncoding = 4; lastKnownFileType = sourcecode.c.h; path = PresentationJudgeDBAccess.h; sourceTree = "<group>"; };
		1B753F1217231BB300CC6E4E /* PresentationJudgeDBAccess.m */ = {isa = PBXFileReference; fileEncoding = 4; lastKnownFileType = sourcecode.c.objc; path = PresentationJudgeDBAccess.m; sourceTree = "<group>"; };
		1B753F1317231BB300CC6E4E /* PresentationQuestionsDBAccess.h */ = {isa = PBXFileReference; fileEncoding = 4; lastKnownFileType = sourcecode.c.h; path = PresentationQuestionsDBAccess.h; sourceTree = "<group>"; };
		1B753F1417231BB300CC6E4E /* PresentationQuestionsDBAccess.m */ = {isa = PBXFileReference; fileEncoding = 4; lastKnownFileType = sourcecode.c.objc; path = PresentationQuestionsDBAccess.m; sourceTree = "<group>"; };
		1B753F1517231BB300CC6E4E /* PresenterDBAccess.h */ = {isa = PBXFileReference; fileEncoding = 4; lastKnownFileType = sourcecode.c.h; path = PresenterDBAccess.h; sourceTree = "<group>"; };
		1B753F1617231BB300CC6E4E /* PresenterDBAccess.m */ = {isa = PBXFileReference; fileEncoding = 4; lastKnownFileType = sourcecode.c.objc; path = PresenterDBAccess.m; sourceTree = "<group>"; };
		1B753F1717231BB300CC6E4E /* QuestionDBAccess.h */ = {isa = PBXFileReference; fileEncoding = 4; lastKnownFileType = sourcecode.c.h; path = QuestionDBAccess.h; sourceTree = "<group>"; };
		1B753F1817231BB300CC6E4E /* QuestionDBAccess.m */ = {isa = PBXFileReference; fileEncoding = 4; lastKnownFileType = sourcecode.c.objc; path = QuestionDBAccess.m; sourceTree = "<group>"; };
		1B753F1917231BB300CC6E4E /* QuestionRankingDBAccess.h */ = {isa = PBXFileReference; fileEncoding = 4; lastKnownFileType = sourcecode.c.h; path = QuestionRankingDBAccess.h; sourceTree = "<group>"; };
		1B753F1A17231BB300CC6E4E /* QuestionRankingDBAccess.m */ = {isa = PBXFileReference; fileEncoding = 4; lastKnownFileType = sourcecode.c.objc; path = QuestionRankingDBAccess.m; sourceTree = "<group>"; };
		1B753F1B17231BB300CC6E4E /* RankStyleDBAccess.h */ = {isa = PBXFileReference; fileEncoding = 4; lastKnownFileType = sourcecode.c.h; path = RankStyleDBAccess.h; sourceTree = "<group>"; };
		1B753F1C17231BB300CC6E4E /* RankStyleDBAccess.m */ = {isa = PBXFileReference; fileEncoding = 4; lastKnownFileType = sourcecode.c.objc; path = RankStyleDBAccess.m; sourceTree = "<group>"; };
		1B753F1D17231BB300CC6E4E /* SectionDBAccess.h */ = {isa = PBXFileReference; fileEncoding = 4; lastKnownFileType = sourcecode.c.h; path = SectionDBAccess.h; sourceTree = "<group>"; };
		1B753F1E17231BB300CC6E4E /* SectionDBAccess.m */ = {isa = PBXFileReference; fileEncoding = 4; lastKnownFileType = sourcecode.c.objc; path = SectionDBAccess.m; sourceTree = "<group>"; };
		1B753F1F17231BB300CC6E4E /* SectionQuestionDBAccess.h */ = {isa = PBXFileReference; fileEncoding = 4; lastKnownFileType = sourcecode.c.h; path = SectionQuestionDBAccess.h; sourceTree = "<group>"; };
		1B753F2017231BB300CC6E4E /* SectionQuestionDBAccess.m */ = {isa = PBXFileReference; fileEncoding = 4; lastKnownFileType = sourcecode.c.objc; path = SectionQuestionDBAccess.m; sourceTree = "<group>"; };
		1B753F2117231BB300CC6E4E /* SubSectionDBAccess.h */ = {isa = PBXFileReference; fileEncoding = 4; lastKnownFileType = sourcecode.c.h; path = SubSectionDBAccess.h; sourceTree = "<group>"; };
		1B753F2217231BB300CC6E4E /* SubSectionDBAccess.m */ = {isa = PBXFileReference; fileEncoding = 4; lastKnownFileType = sourcecode.c.objc; path = SubSectionDBAccess.m; sourceTree = "<group>"; };
		930E96B1171CCB1F00623A25 /* MessageUI.framework */ = {isa = PBXFileReference; lastKnownFileType = wrapper.framework; name = MessageUI.framework; path = System/Library/Frameworks/MessageUI.framework; sourceTree = SDKROOT; };
		F207E64E1712140400AF7A18 /* MasterTableViewController.h */ = {isa = PBXFileReference; fileEncoding = 4; lastKnownFileType = sourcecode.c.h; path = MasterTableViewController.h; sourceTree = "<group>"; };
		F207E64F1712140400AF7A18 /* MasterTableViewController.m */ = {isa = PBXFileReference; fileEncoding = 4; lastKnownFileType = sourcecode.c.objc; path = MasterTableViewController.m; sourceTree = "<group>"; };
		F207E6511712148700AF7A18 /* DetailViewController.h */ = {isa = PBXFileReference; fileEncoding = 4; lastKnownFileType = sourcecode.c.h; path = DetailViewController.h; sourceTree = "<group>"; };
		F207E6521712148700AF7A18 /* DetailViewController.m */ = {isa = PBXFileReference; fileEncoding = 4; lastKnownFileType = sourcecode.c.objc; path = DetailViewController.m; sourceTree = "<group>"; };
		F207E65417121B9B00AF7A18 /* AssignedPresentations.h */ = {isa = PBXFileReference; fileEncoding = 4; lastKnownFileType = sourcecode.c.h; path = AssignedPresentations.h; sourceTree = "<group>"; };
		F207E65517121B9B00AF7A18 /* AssignedPresentations.m */ = {isa = PBXFileReference; fileEncoding = 4; lastKnownFileType = sourcecode.c.objc; path = AssignedPresentations.m; sourceTree = "<group>"; };
		F2BDF9E01710F1BB00902929 /* Presentation Judge.app */ = {isa = PBXFileReference; explicitFileType = wrapper.application; includeInIndex = 0; path = "Presentation Judge.app"; sourceTree = BUILT_PRODUCTS_DIR; };
		F2BDF9E31710F1BB00902929 /* UIKit.framework */ = {isa = PBXFileReference; lastKnownFileType = wrapper.framework; name = UIKit.framework; path = System/Library/Frameworks/UIKit.framework; sourceTree = SDKROOT; };
		F2BDF9E51710F1BB00902929 /* Foundation.framework */ = {isa = PBXFileReference; lastKnownFileType = wrapper.framework; name = Foundation.framework; path = System/Library/Frameworks/Foundation.framework; sourceTree = SDKROOT; };
		F2BDF9E71710F1BB00902929 /* CoreGraphics.framework */ = {isa = PBXFileReference; lastKnownFileType = wrapper.framework; name = CoreGraphics.framework; path = System/Library/Frameworks/CoreGraphics.framework; sourceTree = SDKROOT; };
		F2BDF9EB1710F1BB00902929 /* Presentation Judge-Info.plist */ = {isa = PBXFileReference; lastKnownFileType = text.plist.xml; path = "Presentation Judge-Info.plist"; sourceTree = "<group>"; };
		F2BDF9ED1710F1BB00902929 /* en */ = {isa = PBXFileReference; lastKnownFileType = text.plist.strings; name = en; path = en.lproj/InfoPlist.strings; sourceTree = "<group>"; };
		F2BDF9EF1710F1BB00902929 /* main.m */ = {isa = PBXFileReference; lastKnownFileType = sourcecode.c.objc; path = main.m; sourceTree = "<group>"; };
		F2BDF9F11710F1BB00902929 /* Presentation Judge-Prefix.pch */ = {isa = PBXFileReference; lastKnownFileType = sourcecode.c.h; path = "Presentation Judge-Prefix.pch"; sourceTree = "<group>"; };
		F2BDF9F21710F1BB00902929 /* AppDelegate.h */ = {isa = PBXFileReference; lastKnownFileType = sourcecode.c.h; path = AppDelegate.h; sourceTree = "<group>"; };
		F2BDF9F31710F1BB00902929 /* AppDelegate.m */ = {isa = PBXFileReference; lastKnownFileType = sourcecode.c.objc; path = AppDelegate.m; sourceTree = "<group>"; };
		F2BDF9F51710F1BB00902929 /* Default.png */ = {isa = PBXFileReference; lastKnownFileType = image.png; path = Default.png; sourceTree = "<group>"; };
		F2BDF9F71710F1BB00902929 /* Default@2x.png */ = {isa = PBXFileReference; lastKnownFileType = image.png; path = "Default@2x.png"; sourceTree = "<group>"; };
		F2BDF9F91710F1BB00902929 /* Default-568h@2x.png */ = {isa = PBXFileReference; lastKnownFileType = image.png; path = "Default-568h@2x.png"; sourceTree = "<group>"; };
		F2BDF9FC1710F1BB00902929 /* en */ = {isa = PBXFileReference; lastKnownFileType = file.storyboard; name = en; path = en.lproj/MainStoryboard.storyboard; sourceTree = "<group>"; };
		F2BDF9FE1710F1BB00902929 /* ViewController.h */ = {isa = PBXFileReference; lastKnownFileType = sourcecode.c.h; path = ViewController.h; sourceTree = "<group>"; };
		F2BDF9FF1710F1BB00902929 /* ViewController.m */ = {isa = PBXFileReference; lastKnownFileType = sourcecode.c.objc; path = ViewController.m; sourceTree = "<group>"; };
/* End PBXFileReference section */

/* Begin PBXFrameworksBuildPhase section */
		1B753E87172316E000CC6E4E /* Frameworks */ = {
			isa = PBXFrameworksBuildPhase;
			buildActionMask = 2147483647;
			files = (
				1B753E8D172316E000CC6E4E /* SenTestingKit.framework in Frameworks */,
				1B753E8E172316E000CC6E4E /* UIKit.framework in Frameworks */,
				1B753E8F172316E000CC6E4E /* Foundation.framework in Frameworks */,
			);
			runOnlyForDeploymentPostprocessing = 0;
		};
		F2BDF9DD1710F1BB00902929 /* Frameworks */ = {
			isa = PBXFrameworksBuildPhase;
			buildActionMask = 2147483647;
			files = (
				930E96B2171CCB1F00623A25 /* MessageUI.framework in Frameworks */,
				1B16278A1719EC53005AC505 /* libsqlite3.0.dylib in Frameworks */,
				F2BDF9E41710F1BB00902929 /* UIKit.framework in Frameworks */,
				F2BDF9E61710F1BB00902929 /* Foundation.framework in Frameworks */,
				F2BDF9E81710F1BB00902929 /* CoreGraphics.framework in Frameworks */,
			);
			runOnlyForDeploymentPostprocessing = 0;
		};
/* End PBXFrameworksBuildPhase section */

/* Begin PBXGroup section */
		1B16275F1719CBE6005AC505 /* Models */ = {
			isa = PBXGroup;
			children = (
				1B753E591723126600CC6E4E /* Judge.h */,
				1B753E5A1723126600CC6E4E /* Judge.m */,
				1B753E5B1723126600CC6E4E /* Presentation.h */,
				1B753E5C1723126600CC6E4E /* Presentation.m */,
				1B753E5D1723126600CC6E4E /* PresentationJudge.h */,
				1B753E5E1723126600CC6E4E /* PresentationJudge.m */,
				1B753E5F1723126600CC6E4E /* PresentationPresenter.h */,
				1B753E601723126600CC6E4E /* PresentationPresenter.m */,
				1B753E611723126600CC6E4E /* PresentationQuestion.h */,
				1B753E621723126600CC6E4E /* PresentationQuestion.m */,
				1B753E631723126600CC6E4E /* Presenter.h */,
				1B753E641723126600CC6E4E /* Presenter.m */,
				1B753E651723126600CC6E4E /* Question.h */,
				1B753E661723126600CC6E4E /* Question.m */,
				1B753E671723126600CC6E4E /* RankStyle.h */,
				1B753E681723126600CC6E4E /* RankStyle.m */,
				1B753E691723126600CC6E4E /* Section.h */,
				1B753E6A1723126600CC6E4E /* Section.m */,
				1B753E6B1723126600CC6E4E /* SectionQuestion.h */,
				1B753E6C1723126600CC6E4E /* SectionQuestion.m */,
				1B753E6D1723126600CC6E4E /* SubSection.h */,
				1B753E6E1723126600CC6E4E /* SubSection.m */,
			);
			name = Models;
			sourceTree = "<group>";
		};
		1B1627661719CDD8005AC505 /* DataAccess */ = {
			isa = PBXGroup;
			children = (
				1B753F0D17231BB300CC6E4E /* JudgeDBAccess.h */,
				1B753F0E17231BB300CC6E4E /* JudgeDBAccess.m */,
				1B753F0F17231BB300CC6E4E /* PresentationDBAccess.h */,
				1B753F1017231BB300CC6E4E /* PresentationDBAccess.m */,
				1B753F1117231BB300CC6E4E /* PresentationJudgeDBAccess.h */,
				1B753F1217231BB300CC6E4E /* PresentationJudgeDBAccess.m */,
				1B753F1317231BB300CC6E4E /* PresentationQuestionsDBAccess.h */,
				1B753F1417231BB300CC6E4E /* PresentationQuestionsDBAccess.m */,
				1B753F1517231BB300CC6E4E /* PresenterDBAccess.h */,
				1B753F1617231BB300CC6E4E /* PresenterDBAccess.m */,
				1B753F1717231BB300CC6E4E /* QuestionDBAccess.h */,
				1B753F1817231BB300CC6E4E /* QuestionDBAccess.m */,
				1B753F1917231BB300CC6E4E /* QuestionRankingDBAccess.h */,
				1B753F1A17231BB300CC6E4E /* QuestionRankingDBAccess.m */,
				1B753F1B17231BB300CC6E4E /* RankStyleDBAccess.h */,
				1B753F1C17231BB300CC6E4E /* RankStyleDBAccess.m */,
				1B753F1D17231BB300CC6E4E /* SectionDBAccess.h */,
				1B753F1E17231BB300CC6E4E /* SectionDBAccess.m */,
				1B753F1F17231BB300CC6E4E /* SectionQuestionDBAccess.h */,
				1B753F2017231BB300CC6E4E /* SectionQuestionDBAccess.m */,
				1B753F2117231BB300CC6E4E /* SubSectionDBAccess.h */,
				1B753F2217231BB300CC6E4E /* SubSectionDBAccess.m */,
				1B753E6F1723129900CC6E4E /* JudgeDBAccess.h */,
				1B753E701723129900CC6E4E /* JudgeDBAccess.m */,
				1B753E711723129900CC6E4E /* PresentationQuestionsDBAccess.h */,
				1B753E721723129900CC6E4E /* PresentationQuestionsDBAccess.m */,
				1B753E731723129900CC6E4E /* PresentationDBAccess.h */,
				1B753E741723129900CC6E4E /* PresentationDBAccess.m */,
				1B753E751723129900CC6E4E /* PresentationJudgeDBAccess.h */,
				1B753E761723129900CC6E4E /* PresentationJudgeDBAccess.m */,
				1B753E771723129900CC6E4E /* PresenterDBAccess.h */,
				1B753E781723129900CC6E4E /* PresenterDBAccess.m */,
				1B753E791723129900CC6E4E /* QuestionDBAccess.h */,
				1B753E7A1723129900CC6E4E /* QuestionDBAccess.m */,
				1B753E7B1723129900CC6E4E /* QuestionRankingDBAccess.h */,
				1B753E7C1723129900CC6E4E /* QuestionRankingDBAccess.m */,
				1B753E7D1723129900CC6E4E /* RankStyleDBAccess.h */,
				1B753E7E1723129900CC6E4E /* RankStyleDBAccess.m */,
				1B753E7F1723129900CC6E4E /* SectionDBAccess.h */,
				1B753E801723129900CC6E4E /* SectionDBAccess.m */,
				1B753E811723129900CC6E4E /* SectionQuestionDBAccess.h */,
				1B753E821723129900CC6E4E /* SectionQuestionDBAccess.m */,
				1B753E831723129900CC6E4E /* SubSectionDBAccess.h */,
				1B753E841723129900CC6E4E /* SubSectionDBAccess.m */,
			);
			name = DataAccess;
			sourceTree = "<group>";
		};
		1B753E90172316E000CC6E4E /* PresentationJudgeTests */ = {
			isa = PBXGroup;
			children = (
				1B753E96172316E000CC6E4E /* PresentationJudgeTests.h */,
				1B753E97172316E000CC6E4E /* PresentationJudgeTests.m */,
				1B753E91172316E000CC6E4E /* Supporting Files */,
			);
			path = PresentationJudgeTests;
			sourceTree = "<group>";
		};
		1B753E91172316E000CC6E4E /* Supporting Files */ = {
			isa = PBXGroup;
			children = (
				1B753E92172316E000CC6E4E /* PresentationJudgeTests-Info.plist */,
				1B753E93172316E000CC6E4E /* InfoPlist.strings */,
				1B753E99172316E000CC6E4E /* PresentationJudgeTests-Prefix.pch */,
			);
			name = "Supporting Files";
			sourceTree = "<group>";
		};
		F2BDF9D71710F1BA00902929 = {
			isa = PBXGroup;
			children = (
				1B753E851723135400CC6E4E /* PresentationJudge.sqlite */,
				1B1627891719EC53005AC505 /* libsqlite3.0.dylib */,
				F2BDF9E91710F1BB00902929 /* Presentation Judge */,
				1B753E90172316E000CC6E4E /* PresentationJudgeTests */,
				F2BDF9E21710F1BB00902929 /* Frameworks */,
				F2BDF9E11710F1BB00902929 /* Products */,
			);
			sourceTree = "<group>";
		};
		F2BDF9E11710F1BB00902929 /* Products */ = {
			isa = PBXGroup;
			children = (
				F2BDF9E01710F1BB00902929 /* Presentation Judge.app */,
				1B753E8B172316E000CC6E4E /* PresentationJudgeTests.octest */,
			);
			name = Products;
			sourceTree = "<group>";
		};
		F2BDF9E21710F1BB00902929 /* Frameworks */ = {
			isa = PBXGroup;
			children = (
				930E96B1171CCB1F00623A25 /* MessageUI.framework */,
				F2BDF9E31710F1BB00902929 /* UIKit.framework */,
				F2BDF9E51710F1BB00902929 /* Foundation.framework */,
				F2BDF9E71710F1BB00902929 /* CoreGraphics.framework */,
				1B753E8C172316E000CC6E4E /* SenTestingKit.framework */,
			);
			name = Frameworks;
			sourceTree = "<group>";
		};
		F2BDF9E91710F1BB00902929 /* Presentation Judge */ = {
			isa = PBXGroup;
			children = (
				1B1627661719CDD8005AC505 /* DataAccess */,
				1B16275F1719CBE6005AC505 /* Models */,
				F2BDF9F21710F1BB00902929 /* AppDelegate.h */,
				F2BDF9F31710F1BB00902929 /* AppDelegate.m */,
				F2BDF9FB1710F1BB00902929 /* MainStoryboard.storyboard */,
				F2BDF9FE1710F1BB00902929 /* ViewController.h */,
				F2BDF9FF1710F1BB00902929 /* ViewController.m */,
				F2BDF9EA1710F1BB00902929 /* Supporting Files */,
			);
			path = "Presentation Judge";
			sourceTree = "<group>";
		};
		F2BDF9EA1710F1BB00902929 /* Supporting Files */ = {
			isa = PBXGroup;
			children = (
				F207E64E1712140400AF7A18 /* MasterTableViewController.h */,
				F207E64F1712140400AF7A18 /* MasterTableViewController.m */,
				F2BDF9EB1710F1BB00902929 /* Presentation Judge-Info.plist */,
				F2BDF9EC1710F1BB00902929 /* InfoPlist.strings */,
				F2BDF9EF1710F1BB00902929 /* main.m */,
				F2BDF9F11710F1BB00902929 /* Presentation Judge-Prefix.pch */,
				F2BDF9F51710F1BB00902929 /* Default.png */,
				F2BDF9F71710F1BB00902929 /* Default@2x.png */,
				F2BDF9F91710F1BB00902929 /* Default-568h@2x.png */,
				F207E6511712148700AF7A18 /* DetailViewController.h */,
				F207E6521712148700AF7A18 /* DetailViewController.m */,
				F207E65417121B9B00AF7A18 /* AssignedPresentations.h */,
				F207E65517121B9B00AF7A18 /* AssignedPresentations.m */,
			);
			name = "Supporting Files";
			sourceTree = "<group>";
		};
/* End PBXGroup section */

/* Begin PBXNativeTarget section */
		1B753E8A172316E000CC6E4E /* PresentationJudgeTests */ = {
			isa = PBXNativeTarget;
			buildConfigurationList = 1B753E9A172316E000CC6E4E /* Build configuration list for PBXNativeTarget "PresentationJudgeTests" */;
			buildPhases = (
				1B753E86172316E000CC6E4E /* Sources */,
				1B753E87172316E000CC6E4E /* Frameworks */,
				1B753E88172316E000CC6E4E /* Resources */,
				1B753E89172316E000CC6E4E /* ShellScript */,
			);
			buildRules = (
				1B753E9F1723175900CC6E4E /* PBXBuildRule */,
			);
			dependencies = (
				1B753E9E1723173600CC6E4E /* PBXTargetDependency */,
			);
			name = PresentationJudgeTests;
			productName = PresentationJudgeTests;
			productReference = 1B753E8B172316E000CC6E4E /* PresentationJudgeTests.octest */;
			productType = "com.apple.product-type.bundle";
		};
		F2BDF9DF1710F1BB00902929 /* Presentation Judge */ = {
			isa = PBXNativeTarget;
			buildConfigurationList = F2BDFA031710F1BB00902929 /* Build configuration list for PBXNativeTarget "Presentation Judge" */;
			buildPhases = (
				F2BDF9DC1710F1BB00902929 /* Sources */,
				F2BDF9DD1710F1BB00902929 /* Frameworks */,
				F2BDF9DE1710F1BB00902929 /* Resources */,
			);
			buildRules = (
			);
			dependencies = (
			);
			name = "Presentation Judge";
			productName = "Presentation Judge";
			productReference = F2BDF9E01710F1BB00902929 /* Presentation Judge.app */;
			productType = "com.apple.product-type.application";
		};
/* End PBXNativeTarget section */

/* Begin PBXProject section */
		F2BDF9D81710F1BA00902929 /* Project object */ = {
			isa = PBXProject;
			attributes = {
				LastUpgradeCheck = 0460;
				ORGANIZATIONNAME = "S. Alzheimer, L. Malenfant, E. Englert";
			};
			buildConfigurationList = F2BDF9DB1710F1BA00902929 /* Build configuration list for PBXProject "Presentation Judge" */;
			compatibilityVersion = "Xcode 3.2";
			developmentRegion = English;
			hasScannedForEncodings = 0;
			knownRegions = (
				en,
			);
			mainGroup = F2BDF9D71710F1BA00902929;
			productRefGroup = F2BDF9E11710F1BB00902929 /* Products */;
			projectDirPath = "";
			projectRoot = "";
			targets = (
				F2BDF9DF1710F1BB00902929 /* Presentation Judge */,
				1B753E8A172316E000CC6E4E /* PresentationJudgeTests */,
			);
		};
/* End PBXProject section */

/* Begin PBXResourcesBuildPhase section */
		1B753E88172316E000CC6E4E /* Resources */ = {
			isa = PBXResourcesBuildPhase;
			buildActionMask = 2147483647;
			files = (
				1B753E95172316E000CC6E4E /* InfoPlist.strings in Resources */,
			);
			runOnlyForDeploymentPostprocessing = 0;
		};
		F2BDF9DE1710F1BB00902929 /* Resources */ = {
			isa = PBXResourcesBuildPhase;
			buildActionMask = 2147483647;
			files = (
				F2BDF9EE1710F1BB00902929 /* InfoPlist.strings in Resources */,
				F2BDF9F61710F1BB00902929 /* Default.png in Resources */,
				F2BDF9F81710F1BB00902929 /* Default@2x.png in Resources */,
				F2BDF9FA1710F1BB00902929 /* Default-568h@2x.png in Resources */,
				F2BDF9FD1710F1BB00902929 /* MainStoryboard.storyboard in Resources */,
			);
			runOnlyForDeploymentPostprocessing = 0;
		};
/* End PBXResourcesBuildPhase section */

/* Begin PBXShellScriptBuildPhase section */
		1B753E89172316E000CC6E4E /* ShellScript */ = {
			isa = PBXShellScriptBuildPhase;
			buildActionMask = 2147483647;
			files = (
			);
			inputPaths = (
			);
			outputPaths = (
			);
			runOnlyForDeploymentPostprocessing = 0;
			shellPath = /bin/sh;
			shellScript = "# Run the unit tests in this test bundle.\n\"${SYSTEM_DEVELOPER_DIR}/Tools/RunUnitTests\"\n";
		};
/* End PBXShellScriptBuildPhase section */

/* Begin PBXSourcesBuildPhase section */
		1B753E86172316E000CC6E4E /* Sources */ = {
			isa = PBXSourcesBuildPhase;
			buildActionMask = 2147483647;
			files = (
				1B753E98172316E000CC6E4E /* PresentationJudgeTests.m in Sources */,
				1B753F2317231BB300CC6E4E /* JudgeDBAccess.m in Sources */,
				1B753F2417231BB300CC6E4E /* PresentationDBAccess.m in Sources */,
				1B753F2517231BB300CC6E4E /* PresentationJudgeDBAccess.m in Sources */,
				1B753F2617231BB300CC6E4E /* PresentationQuestionsDBAccess.m in Sources */,
				1B753F2717231BB300CC6E4E /* PresenterDBAccess.m in Sources */,
				1B753F2817231BB300CC6E4E /* QuestionDBAccess.m in Sources */,
				1B753F2917231BB300CC6E4E /* QuestionRankingDBAccess.m in Sources */,
				1B753F2A17231BB300CC6E4E /* RankStyleDBAccess.m in Sources */,
				1B753F2B17231BB300CC6E4E /* SectionDBAccess.m in Sources */,
				1B753F2C17231BB300CC6E4E /* SectionQuestionDBAccess.m in Sources */,
				1B753F2D17231BB300CC6E4E /* SubSectionDBAccess.m in Sources */,
			);
			runOnlyForDeploymentPostprocessing = 0;
		};
		F2BDF9DC1710F1BB00902929 /* Sources */ = {
			isa = PBXSourcesBuildPhase;
			buildActionMask = 2147483647;
			files = (
				F2BDF9F01710F1BB00902929 /* main.m in Sources */,
				F2BDF9F41710F1BB00902929 /* AppDelegate.m in Sources */,
				F2BDFA001710F1BB00902929 /* ViewController.m in Sources */,
				F207E6501712140400AF7A18 /* MasterTableViewController.m in Sources */,
				F207E6531712148700AF7A18 /* DetailViewController.m in Sources */,
				F207E65617121B9B00AF7A18 /* AssignedPresentations.m in Sources */,
			);
			runOnlyForDeploymentPostprocessing = 0;
		};
/* End PBXSourcesBuildPhase section */

/* Begin PBXTargetDependency section */
		1B753E9E1723173600CC6E4E /* PBXTargetDependency */ = {
			isa = PBXTargetDependency;
			target = F2BDF9DF1710F1BB00902929 /* Presentation Judge */;
			targetProxy = 1B753E9D1723173600CC6E4E /* PBXContainerItemProxy */;
		};
/* End PBXTargetDependency section */

/* Begin PBXVariantGroup section */
		1B753E93172316E000CC6E4E /* InfoPlist.strings */ = {
			isa = PBXVariantGroup;
			children = (
				1B753E94172316E000CC6E4E /* en */,
			);
			name = InfoPlist.strings;
			sourceTree = "<group>";
		};
		F2BDF9EC1710F1BB00902929 /* InfoPlist.strings */ = {
			isa = PBXVariantGroup;
			children = (
				F2BDF9ED1710F1BB00902929 /* en */,
			);
			name = InfoPlist.strings;
			sourceTree = "<group>";
		};
		F2BDF9FB1710F1BB00902929 /* MainStoryboard.storyboard */ = {
			isa = PBXVariantGroup;
			children = (
				F2BDF9FC1710F1BB00902929 /* en */,
			);
			name = MainStoryboard.storyboard;
			sourceTree = "<group>";
		};
/* End PBXVariantGroup section */

/* Begin XCBuildConfiguration section */
		1B753E9B172316E000CC6E4E /* Debug */ = {
			isa = XCBuildConfiguration;
			buildSettings = {
				FRAMEWORK_SEARCH_PATHS = (
					"\"$(SDKROOT)/Developer/Library/Frameworks\"",
					"\"$(DEVELOPER_LIBRARY_DIR)/Frameworks\"",
				);
				GCC_PRECOMPILE_PREFIX_HEADER = YES;
				GCC_PREFIX_HEADER = "PresentationJudgeTests/PresentationJudgeTests-Prefix.pch";
				INFOPLIST_FILE = "PresentationJudgeTests/PresentationJudgeTests-Info.plist";
				PRODUCT_NAME = "$(TARGET_NAME)";
				WRAPPER_EXTENSION = octest;
			};
			name = Debug;
		};
		1B753E9C172316E000CC6E4E /* Release */ = {
			isa = XCBuildConfiguration;
			buildSettings = {
				FRAMEWORK_SEARCH_PATHS = (
					"\"$(SDKROOT)/Developer/Library/Frameworks\"",
					"\"$(DEVELOPER_LIBRARY_DIR)/Frameworks\"",
				);
				GCC_PRECOMPILE_PREFIX_HEADER = YES;
				GCC_PREFIX_HEADER = "PresentationJudgeTests/PresentationJudgeTests-Prefix.pch";
				INFOPLIST_FILE = "PresentationJudgeTests/PresentationJudgeTests-Info.plist";
				PRODUCT_NAME = "$(TARGET_NAME)";
				WRAPPER_EXTENSION = octest;
			};
			name = Release;
		};
		F2BDFA011710F1BB00902929 /* Debug */ = {
			isa = XCBuildConfiguration;
			buildSettings = {
				ALWAYS_SEARCH_USER_PATHS = NO;
				CLANG_CXX_LANGUAGE_STANDARD = "gnu++0x";
				CLANG_CXX_LIBRARY = "libc++";
				CLANG_ENABLE_OBJC_ARC = YES;
				CLANG_WARN_CONSTANT_CONVERSION = YES;
				CLANG_WARN_EMPTY_BODY = YES;
				CLANG_WARN_ENUM_CONVERSION = YES;
				CLANG_WARN_INT_CONVERSION = YES;
				CLANG_WARN__DUPLICATE_METHOD_MATCH = YES;
				"CODE_SIGN_IDENTITY[sdk=iphoneos*]" = "iPhone Developer";
				COPY_PHASE_STRIP = NO;
				GCC_C_LANGUAGE_STANDARD = gnu99;
				GCC_DYNAMIC_NO_PIC = NO;
				GCC_OPTIMIZATION_LEVEL = 0;
				GCC_PREPROCESSOR_DEFINITIONS = (
					"DEBUG=1",
					"$(inherited)",
				);
				GCC_SYMBOLS_PRIVATE_EXTERN = NO;
				GCC_WARN_ABOUT_RETURN_TYPE = YES;
				GCC_WARN_UNINITIALIZED_AUTOS = YES;
				GCC_WARN_UNUSED_VARIABLE = YES;
				IPHONEOS_DEPLOYMENT_TARGET = 6.1;
				ONLY_ACTIVE_ARCH = YES;
				SDKROOT = iphoneos;
				TARGETED_DEVICE_FAMILY = 2;
			};
			name = Debug;
		};
		F2BDFA021710F1BB00902929 /* Release */ = {
			isa = XCBuildConfiguration;
			buildSettings = {
				ALWAYS_SEARCH_USER_PATHS = NO;
				CLANG_CXX_LANGUAGE_STANDARD = "gnu++0x";
				CLANG_CXX_LIBRARY = "libc++";
				CLANG_ENABLE_OBJC_ARC = YES;
				CLANG_WARN_CONSTANT_CONVERSION = YES;
				CLANG_WARN_EMPTY_BODY = YES;
				CLANG_WARN_ENUM_CONVERSION = YES;
				CLANG_WARN_INT_CONVERSION = YES;
				CLANG_WARN__DUPLICATE_METHOD_MATCH = YES;
				"CODE_SIGN_IDENTITY[sdk=iphoneos*]" = "iPhone Developer";
				COPY_PHASE_STRIP = YES;
				GCC_C_LANGUAGE_STANDARD = gnu99;
				GCC_WARN_ABOUT_RETURN_TYPE = YES;
				GCC_WARN_UNINITIALIZED_AUTOS = YES;
				GCC_WARN_UNUSED_VARIABLE = YES;
				IPHONEOS_DEPLOYMENT_TARGET = 6.1;
				OTHER_CFLAGS = "-DNS_BLOCK_ASSERTIONS=1";
				SDKROOT = iphoneos;
				TARGETED_DEVICE_FAMILY = 2;
				VALIDATE_PRODUCT = YES;
			};
			name = Release;
		};
		F2BDFA041710F1BB00902929 /* Debug */ = {
			isa = XCBuildConfiguration;
			buildSettings = {
				GCC_PRECOMPILE_PREFIX_HEADER = YES;
				GCC_PREFIX_HEADER = "Presentation Judge/Presentation Judge-Prefix.pch";
				INFOPLIST_FILE = "Presentation Judge/Presentation Judge-Info.plist";
				IPHONEOS_DEPLOYMENT_TARGET = 6.0;
				PRODUCT_NAME = "$(TARGET_NAME)";
				WRAPPER_EXTENSION = app;
			};
			name = Debug;
		};
		F2BDFA051710F1BB00902929 /* Release */ = {
			isa = XCBuildConfiguration;
			buildSettings = {
				GCC_PRECOMPILE_PREFIX_HEADER = YES;
				GCC_PREFIX_HEADER = "Presentation Judge/Presentation Judge-Prefix.pch";
				INFOPLIST_FILE = "Presentation Judge/Presentation Judge-Info.plist";
				IPHONEOS_DEPLOYMENT_TARGET = 6.0;
				PRODUCT_NAME = "$(TARGET_NAME)";
				WRAPPER_EXTENSION = app;
			};
			name = Release;
		};
/* End XCBuildConfiguration section */

/* Begin XCConfigurationList section */
		1B753E9A172316E000CC6E4E /* Build configuration list for PBXNativeTarget "PresentationJudgeTests" */ = {
			isa = XCConfigurationList;
			buildConfigurations = (
				1B753E9B172316E000CC6E4E /* Debug */,
				1B753E9C172316E000CC6E4E /* Release */,
			);
			defaultConfigurationIsVisible = 0;
			defaultConfigurationName = Release;
		};
		F2BDF9DB1710F1BA00902929 /* Build configuration list for PBXProject "Presentation Judge" */ = {
			isa = XCConfigurationList;
			buildConfigurations = (
				F2BDFA011710F1BB00902929 /* Debug */,
				F2BDFA021710F1BB00902929 /* Release */,
			);
			defaultConfigurationIsVisible = 0;
			defaultConfigurationName = Release;
		};
		F2BDFA031710F1BB00902929 /* Build configuration list for PBXNativeTarget "Presentation Judge" */ = {
			isa = XCConfigurationList;
			buildConfigurations = (
				F2BDFA041710F1BB00902929 /* Debug */,
				F2BDFA051710F1BB00902929 /* Release */,
			);
			defaultConfigurationIsVisible = 0;
			defaultConfigurationName = Release;
		};
/* End XCConfigurationList section */
	};
	rootObject = F2BDF9D81710F1BA00902929 /* Project object */;
}
